
Microsoft Visual Studio Solution File, Format Version 12.00
# Visual Studio Version 16
VisualStudioVersion = 25.0.1706.7
MinimumVisualStudioVersion = 10.0.40219.1
Project("{FAE04EC0-301F-11D3-BF4B-00C04F79EFBC}") = "CsharpArrays", "CsharpArrays.csproj", "{87D01DD8-5ECD-42AC-B386-E5FE9EF9EC47}"
EndProject
Global
	GlobalSection(SolutionConfigurationPlatforms) = preSolution
		Debug|Any CPU = Debug|Any CPU
		Release|Any CPU = Release|Any CPU
	EndGlobalSection
	GlobalSection(ProjectConfigurationPlatforms) = postSolution
		{87D01DD8-5ECD-42AC-B386-E5FE9EF9EC47}.Debug|Any CPU.ActiveCfg = Debug|Any CPU
		{87D01DD8-5ECD-42AC-B386-E5FE9EF9EC47}.Debug|Any CPU.Build.0 = Debug|Any CPU
		{87D01DD8-5ECD-42AC-B386-E5FE9EF9EC47}.Release|Any CPU.ActiveCfg = Release|Any CPU
		{87D01DD8-5ECD-42AC-B386-E5FE9EF9EC47}.Release|Any CPU.Build.0 = Release|Any CPU
	EndGlobalSection
	GlobalSection(SolutionProperties) = preSolution
		HideSolutionNode = FALSE
	EndGlobalSection
	GlobalSection(ExtensibilityGlobals) = postSolution
		SolutionGuid = {35970666-8857-4B0E-8B38-96B72E8A14C5}
	EndGlobalSection
EndGlobal
